<?xml version="1.0" encoding="utf-8"?>
<Project ToolsVersion="4.0" xmlns="http://schemas.microsoft.com/developer/msbuild/2003">
  <ItemGroup>
    <Filter Include="lua">
      <UniqueIdentifier>{610f6471-0e57-4c09-bec5-c83344a2268c}</UniqueIdentifier>
    </Filter>
    <Filter Include="Win32_Interop">
      <UniqueIdentifier>{f8daf274-4a63-4efc-9dcb-473343139ea6}</UniqueIdentifier>
    </Filter>
    <Filter Include="jemalloc">
      <UniqueIdentifier>{d07e901d-ca5b-43ae-812e-b14c52fb8179}</UniqueIdentifier>
    </Filter>
  </ItemGroup>
  <ItemGroup>
    <ClInclude Include="lua\lua.h">
      <Filter>lua</Filter>
    </ClInclude>
    <ClInclude Include="lua\lualib.h">
      <Filter>lua</Filter>
    </ClInclude>
    <ClInclude Include="Win32_Interop\dlfcn.h">
      <Filter>Win32_Interop</Filter>
    </ClInclude>
    <ClInclude Include="Win32_Interop\EventLog.h">
      <Filter>Win32_Interop</Filter>
    </ClInclude>
    <ClInclude Include="Win32_Interop\Win32_ANSI.h">
      <Filter>Win32_Interop</Filter>
    </ClInclude>
    <ClInclude Include="Win32_Interop\Win32_APIs.h">
      <Filter>Win32_Interop</Filter>
    </ClInclude>
    <ClInclude Include="Win32_Interop\Win32_Assert.h">
      <Filter>Win32_Interop</Filter>
    </ClInclude>
    <ClInclude Include="Win32_Interop\Win32_CommandLine.h">
      <Filter>Win32_Interop</Filter>
    </ClInclude>
    <ClInclude Include="Win32_Interop\Win32_Common.h">
      <Filter>Win32_Interop</Filter>
    </ClInclude>
    <ClInclude Include="Win32_Interop\Win32_Error.h">
      <Filter>Win32_Interop</Filter>
    </ClInclude>
    <ClInclude Include="Win32_Interop\Win32_EventLog.h">
      <Filter>Win32_Interop</Filter>
    </ClInclude>
    <ClInclude Include="Win32_Interop\Win32_FDAPI.h">
      <Filter>Win32_Interop</Filter>
    </ClInclude>
    <ClInclude Include="Win32_Interop\Win32_fdapi_crt.h">
      <Filter>Win32_Interop</Filter>
    </ClInclude>
    <ClInclude Include="Win32_Interop\Win32_Portability.h">
      <Filter>Win32_Interop</Filter>
    </ClInclude>
    <ClInclude Include="Win32_Interop\Win32_QFork.h">
      <Filter>Win32_Interop</Filter>
    </ClInclude>
    <ClInclude Include="Win32_Interop\Win32_QFork_impl.h">
      <Filter>Win32_Interop</Filter>
    </ClInclude>
    <ClInclude Include="Win32_Interop\Win32_RedisLog.h">
      <Filter>Win32_Interop</Filter>
    </ClInclude>
    <ClInclude Include="Win32_Interop\win32_rfdmap.h">
      <Filter>Win32_Interop</Filter>
    </ClInclude>
    <ClInclude Include="Win32_Interop\Win32_Service.h">
      <Filter>Win32_Interop</Filter>
    </ClInclude>
    <ClInclude Include="Win32_Interop\Win32_Signal_Process.h">
      <Filter>Win32_Interop</Filter>
    </ClInclude>
    <ClInclude Include="Win32_Interop\Win32_SmartHandle.h">
      <Filter>Win32_Interop</Filter>
    </ClInclude>
    <ClInclude Include="Win32_Interop\Win32_StackTrace.h">
      <Filter>Win32_Interop</Filter>
    </ClInclude>
    <ClInclude Include="Win32_Interop\Win32_ThreadControl.h">
      <Filter>Win32_Interop</Filter>
    </ClInclude>
    <ClInclude Include="Win32_Interop\Win32_Time.h">
      <Filter>Win32_Interop</Filter>
    </ClInclude>
    <ClInclude Include="Win32_Interop\win32_types.h">
      <Filter>Win32_Interop</Filter>
    </ClInclude>
    <ClInclude Include="Win32_Interop\win32_types_hiredis.h">
      <Filter>Win32_Interop</Filter>
    </ClInclude>
    <ClInclude Include="Win32_Interop\Win32_variadicFunctor.h">
      <Filter>Win32_Interop</Filter>
    </ClInclude>
    <ClInclude Include="Win32_Interop\win32_winapifamily.h">
      <Filter>Win32_Interop</Filter>
    </ClInclude>
    <ClInclude Include="Win32_Interop\win32_wsiocp.h">
      <Filter>Win32_Interop</Filter>
    </ClInclude>
    <ClInclude Include="Win32_Interop\win32_wsiocp2.h">
      <Filter>Win32_Interop</Filter>
    </ClInclude>
    <ClInclude Include="Win32_Interop\win32fixes.h">
      <Filter>Win32_Interop</Filter>
    </ClInclude>
    <ClInclude Include="Win32_Interop\WS2tcpip.h">
      <Filter>Win32_Interop</Filter>
    </ClInclude>
    <ClInclude Include="..\..\code\externals\jemalloc\include\jemalloc\jemalloc.h">
      <Filter>jemalloc</Filter>
    </ClInclude>
    <ClInclude Include="..\..\code\externals\jemalloc\include\jemalloc\jemalloc_defs.h">
      <Filter>jemalloc</Filter>
    </ClInclude>
    <ClInclude Include="..\..\code\externals\wpthread\pthread.h">
      <Filter>Win32_Interop</Filter>
    </ClInclude>
  </ItemGroup>
  <ItemGroup>
    <ClCompile Include="Win32_Interop\dlfcn.c">
      <Filter>Win32_Interop</Filter>
    </ClCompile>
    <ClCompile Include="Win32_Interop\Win32_ANSI.c">
      <Filter>Win32_Interop</Filter>
    </ClCompile>
    <ClCompile Include="Win32_Interop\Win32_APIs.c">
      <Filter>Win32_Interop</Filter>
    </ClCompile>
    <ClCompile Include="Win32_Interop\Win32_CommandLine.cpp">
      <Filter>Win32_Interop</Filter>
    </ClCompile>
    <ClCompile Include="Win32_Interop\Win32_Common.cpp">
      <Filter>Win32_Interop</Filter>
    </ClCompile>
    <ClCompile Include="Win32_Interop\Win32_Error.c">
      <Filter>Win32_Interop</Filter>
    </ClCompile>
    <ClCompile Include="Win32_Interop\Win32_EventLog.cpp">
      <Filter>Win32_Interop</Filter>
    </ClCompile>
    <ClCompile Include="Win32_Interop\Win32_FDAPI.cpp">
      <Filter>Win32_Interop</Filter>
    </ClCompile>
    <ClCompile Include="Win32_Interop\Win32_fdapi_crt.cpp">
      <Filter>Win32_Interop</Filter>
    </ClCompile>
    <ClCompile Include="Win32_Interop\Win32_QFork.cpp">
      <Filter>Win32_Interop</Filter>
    </ClCompile>
    <ClCompile Include="Win32_Interop\Win32_QFork_impl.c">
      <Filter>Win32_Interop</Filter>
    </ClCompile>
    <ClCompile Include="Win32_Interop\Win32_RedisLog.c">
      <Filter>Win32_Interop</Filter>
    </ClCompile>
    <ClCompile Include="Win32_Interop\win32_rfdmap.cpp">
      <Filter>Win32_Interop</Filter>
    </ClCompile>
    <ClCompile Include="Win32_Interop\Win32_service.cpp">
      <Filter>Win32_Interop</Filter>
    </ClCompile>
    <ClCompile Include="Win32_Interop\Win32_Signal_Process.c">
      <Filter>Win32_Interop</Filter>
    </ClCompile>
    <ClCompile Include="Win32_Interop\Win32_StackTrace.cpp">
      <Filter>Win32_Interop</Filter>
    </ClCompile>
    <ClCompile Include="Win32_Interop\Win32_ThreadControl.c">
      <Filter>Win32_Interop</Filter>
    </ClCompile>
    <ClCompile Include="Win32_Interop\Win32_Time.c">
      <Filter>Win32_Interop</Filter>
    </ClCompile>
    <ClCompile Include="Win32_Interop\Win32_variadicFunctor.cpp">
      <Filter>Win32_Interop</Filter>
    </ClCompile>
    <ClCompile Include="Win32_Interop\win32_wsiocp.c">
      <Filter>Win32_Interop</Filter>
    </ClCompile>
    <ClCompile Include="Win32_Interop\win32fixes.c">
      <Filter>Win32_Interop</Filter>
    </ClCompile>
    <ClCompile Include="lua\lua.c">
      <Filter>lua</Filter>
    </ClCompile>
    <ClCompile Include="..\..\code\externals\jemalloc\jemalloc_cpp.cpp">
      <Filter>Win32_Interop</Filter>
    </ClCompile>
    <ClCompile Include="..\..\code\externals\jemalloc\arena.c">
      <Filter>jemalloc</Filter>
    </ClCompile>
    <ClCompile Include="..\..\code\externals\jemalloc\background_thread.c">
      <Filter>jemalloc</Filter>
    </ClCompile>
    <ClCompile Include="..\..\code\externals\jemalloc\base.c">
      <Filter>jemalloc</Filter>
    </ClCompile>
    <ClCompile Include="..\..\code\externals\jemalloc\bin.c">
      <Filter>jemalloc</Filter>
    </ClCompile>
    <ClCompile Include="..\..\code\externals\jemalloc\bitmap.c">
      <Filter>jemalloc</Filter>
    </ClCompile>
    <ClCompile Include="..\..\code\externals\jemalloc\ckh.c">
      <Filter>jemalloc</Filter>
    </ClCompile>
    <ClCompile Include="..\..\code\externals\jemalloc\ctl.c">
      <Filter>jemalloc</Filter>
    </ClCompile>
    <ClCompile Include="..\..\code\externals\jemalloc\div.c">
      <Filter>jemalloc</Filter>
    </ClCompile>
    <ClCompile Include="..\..\code\externals\jemalloc\extent.c">
      <Filter>jemalloc</Filter>
    </ClCompile>
    <ClCompile Include="..\..\code\externals\jemalloc\extent_dss.c">
      <Filter>jemalloc</Filter>
    </ClCompile>
    <ClCompile Include="..\..\code\externals\jemalloc\extent_mmap.c">
      <Filter>jemalloc</Filter>
    </ClCompile>
    <ClCompile Include="..\..\code\externals\jemalloc\hash.c">
      <Filter>jemalloc</Filter>
    </ClCompile>
    <ClCompile Include="..\..\code\externals\jemalloc\hook.c">
      <Filter>jemalloc</Filter>
    </ClCompile>
    <ClCompile Include="..\..\code\externals\jemalloc\jemalloc.c">
      <Filter>jemalloc</Filter>
    </ClCompile>
    <ClCompile Include="..\..\code\externals\jemalloc\large.c">
      <Filter>jemalloc</Filter>
    </ClCompile>
    <ClCompile Include="..\..\code\externals\jemalloc\log.c">
      <Filter>jemalloc</Filter>
    </ClCompile>
    <ClCompile Include="..\..\code\externals\jemalloc\malloc_io.c">
      <Filter>jemalloc</Filter>
    </ClCompile>
    <ClCompile Include="..\..\code\externals\jemalloc\mutex.c">
      <Filter>jemalloc</Filter>
    </ClCompile>
    <ClCompile Include="..\..\code\externals\jemalloc\mutex_pool.c">
      <Filter>jemalloc</Filter>
    </ClCompile>
    <ClCompile Include="..\..\code\externals\jemalloc\nstime.c">
      <Filter>jemalloc</Filter>
    </ClCompile>
    <ClCompile Include="..\..\code\externals\jemalloc\pages.c">
      <Filter>jemalloc</Filter>
    </ClCompile>
    <ClCompile Include="..\..\code\externals\jemalloc\prng.c">
      <Filter>jemalloc</Filter>
    </ClCompile>
    <ClCompile Include="..\..\code\externals\jemalloc\prof.c">
      <Filter>jemalloc</Filter>
    </ClCompile>
    <ClCompile Include="..\..\code\externals\jemalloc\rtree.c">
      <Filter>jemalloc</Filter>
    </ClCompile>
    <ClCompile Include="..\..\code\externals\jemalloc\safety_check.c">
      <Filter>jemalloc</Filter>
    </ClCompile>
    <ClCompile Include="..\..\code\externals\jemalloc\sc.c">
      <Filter>jemalloc</Filter>
    </ClCompile>
    <ClCompile Include="..\..\code\externals\jemalloc\stats.c">
      <Filter>jemalloc</Filter>
    </ClCompile>
    <ClCompile Include="..\..\code\externals\jemalloc\sz.c">
      <Filter>jemalloc</Filter>
    </ClCompile>
    <ClCompile Include="..\..\code\externals\jemalloc\tcache.c">
      <Filter>jemalloc</Filter>
    </ClCompile>
    <ClCompile Include="..\..\code\externals\jemalloc\test_hooks.c">
      <Filter>jemalloc</Filter>
    </ClCompile>
    <ClCompile Include="..\..\code\externals\jemalloc\ticker.c">
      <Filter>jemalloc</Filter>
    </ClCompile>
    <ClCompile Include="..\..\code\externals\jemalloc\tsd.c">
      <Filter>jemalloc</Filter>
    </ClCompile>
    <ClCompile Include="..\..\code\externals\jemalloc\witness.c">
      <Filter>jemalloc</Filter>
    </ClCompile>
    <ClCompile Include="..\..\code\externals\wpthread\pthread.c">
      <Filter>Win32_Interop</Filter>
    </ClCompile>
  </ItemGroup>
</Project>