
Microsoft Visual Studio Solution File, Format Version 12.00
# Visual Studio Version 16
VisualStudioVersion = 16.0.29025.244
MinimumVisualStudioVersion = 10.0.40219.1
Project("{2150E333-8FDC-42A3-9474-1A3956D46DE8}") = "win32", "win32", "{C3B11523-4C52-42F0-B889-D6D26D3AB7F1}"
EndProject
Project("{2150E333-8FDC-42A3-9474-1A3956D46DE8}") = "linux", "linux", "{55242BA0-2B7C-4692-8968-A1B9BE510725}"
EndProject
Project("{8BC9CEB8-8B4A-11D0-8D11-00A0C91BC942}") = "ijjs", "ijjs.vcxitems", "{3960714B-E3B2-43FB-A358-BA09B9F4148C}"
EndProject
Project("{8BC9CEB8-8B4A-11D0-8D11-00A0C91BC942}") = "ijjs-win32(Win32)", "ijjs-win32.vcxproj", "{006E6E92-3708-4AD9-BBB9-15AF814F4603}"
EndProject
Project("{2150E333-8FDC-42A3-9474-1A3956D46DE8}") = "modules", "modules", "{229B997D-33BF-4390-A322-4E957E90ABCB}"
EndProject
Project("{8BC9CEB8-8B4A-11D0-8D11-00A0C91BC942}") = "ijjs-linux", "ijjs-linux.vcxproj", "{90960554-7C67-427E-8052-67262FBD96E6}"
EndProject
Project("{2150E333-8FDC-42A3-9474-1A3956D46DE8}") = "win32", "win32", "{F56FA9CE-3BDF-4A10-BC27-0E7F371C6B86}"
EndProject
Project("{2150E333-8FDC-42A3-9474-1A3956D46DE8}") = "linux", "linux", "{D544CE56-C7FF-458F-AF50-9D02BDDA9A4B}"
EndProject
Project("{8BC9CEB8-8B4A-11D0-8D11-00A0C91BC942}") = "sigar", "..\modules\sigar\sigar.vcxitems", "{E5819A51-6A17-4595-AEB8-56049F089F5A}"
EndProject
Project("{8BC9CEB8-8B4A-11D0-8D11-00A0C91BC942}") = "postgresql", "..\modules\postgresql\postgresql.vcxitems", "{DF079DD8-1915-4763-94BA-4296E04E80CF}"
EndProject
Project("{8BC9CEB8-8B4A-11D0-8D11-00A0C91BC942}") = "redis", "..\modules\redis\redis.vcxitems", "{4D62E7B4-D413-4160-9873-EF486AAA5ECF}"
EndProject
Project("{8BC9CEB8-8B4A-11D0-8D11-00A0C91BC942}") = "sigar-win32(Win32)", "..\modules\sigar\sigar-win32.vcxproj", "{C9B16FD8-C65D-431B-AC26-1AE7E39A560A}"
EndProject
Project("{8BC9CEB8-8B4A-11D0-8D11-00A0C91BC942}") = "redis-win32(Win32)", "..\modules\redis\redis-win32.vcxproj", "{76C4AACB-2088-4023-9475-FF9C279A0967}"
EndProject
Project("{8BC9CEB8-8B4A-11D0-8D11-00A0C91BC942}") = "postgresql-win32(Win32)", "..\modules\postgresql\postgresql-win32.vcxproj", "{BE71D0CE-4109-4605-AF4B-33372B51E443}"
EndProject
Project("{8BC9CEB8-8B4A-11D0-8D11-00A0C91BC942}") = "postgresql-linux", "..\modules\postgresql\postgresql-linux.vcxproj", "{E483A11B-F62B-4C0A-9749-8E3DABCA6DF9}"
EndProject
Project("{8BC9CEB8-8B4A-11D0-8D11-00A0C91BC942}") = "redis-linux", "..\modules\redis\redis-linux.vcxproj", "{B2F87EB1-A33B-46D9-A159-AC621F57323F}"
EndProject
Project("{8BC9CEB8-8B4A-11D0-8D11-00A0C91BC942}") = "sigar-linux", "..\modules\sigar\sigar-linux.vcxproj", "{317EB2D8-D7B4-4695-B58A-7DB97C5189C9}"
EndProject
Global
	GlobalSection(SharedMSBuildProjectFiles) = preSolution
		ijjs.vcxitems*{006e6e92-3708-4ad9-bbb9-15af814f4603}*SharedItemsImports = 4
		..\modules\sigar\sigar.vcxitems*{317eb2d8-d7b4-4695-b58a-7db97c5189c9}*SharedItemsImports = 4
		ijjs.vcxitems*{3960714b-e3b2-43fb-a358-ba09b9f4148c}*SharedItemsImports = 9
		..\modules\redis\redis.vcxitems*{4d62e7b4-d413-4160-9873-ef486aaa5ecf}*SharedItemsImports = 9
		..\modules\redis\redis.vcxitems*{76c4aacb-2088-4023-9475-ff9c279a0967}*SharedItemsImports = 4
		ijjs.vcxitems*{90960554-7c67-427e-8052-67262fbd96e6}*SharedItemsImports = 4
		..\modules\redis\redis.vcxitems*{b2f87eb1-a33b-46d9-a159-ac621f57323f}*SharedItemsImports = 4
		..\modules\postgresql\postgresql.vcxitems*{be71d0ce-4109-4605-af4b-33372b51e443}*SharedItemsImports = 4
		..\modules\sigar\sigar.vcxitems*{c9b16fd8-c65d-431b-ac26-1ae7e39a560a}*SharedItemsImports = 4
		..\modules\postgresql\postgresql.vcxitems*{df079dd8-1915-4763-94ba-4296e04e80cf}*SharedItemsImports = 9
		..\modules\postgresql\postgresql.vcxitems*{e483a11b-f62b-4c0a-9749-8e3dabca6df9}*SharedItemsImports = 4
		..\modules\sigar\sigar.vcxitems*{e5819a51-6a17-4595-aeb8-56049f089f5a}*SharedItemsImports = 9
	EndGlobalSection
	GlobalSection(SolutionConfigurationPlatforms) = preSolution
		Debug|ARM = Debug|ARM
		Debug|ARM64 = Debug|ARM64
		Debug|Win32 = Debug|Win32
		Debug|x64 = Debug|x64
		Debug|x86 = Debug|x86
		Release|ARM = Release|ARM
		Release|ARM64 = Release|ARM64
		Release|Win32 = Release|Win32
		Release|x64 = Release|x64
		Release|x86 = Release|x86
	EndGlobalSection
	GlobalSection(ProjectConfigurationPlatforms) = postSolution
		{006E6E92-3708-4AD9-BBB9-15AF814F4603}.Debug|ARM.ActiveCfg = Debug|Win32
		{006E6E92-3708-4AD9-BBB9-15AF814F4603}.Debug|ARM64.ActiveCfg = Debug|Win32
		{006E6E92-3708-4AD9-BBB9-15AF814F4603}.Debug|Win32.ActiveCfg = Debug|Win32
		{006E6E92-3708-4AD9-BBB9-15AF814F4603}.Debug|Win32.Build.0 = Debug|Win32
		{006E6E92-3708-4AD9-BBB9-15AF814F4603}.Debug|x64.ActiveCfg = Debug|x64
		{006E6E92-3708-4AD9-BBB9-15AF814F4603}.Debug|x64.Build.0 = Debug|x64
		{006E6E92-3708-4AD9-BBB9-15AF814F4603}.Debug|x86.ActiveCfg = Debug|Win32
		{006E6E92-3708-4AD9-BBB9-15AF814F4603}.Debug|x86.Build.0 = Debug|Win32
		{006E6E92-3708-4AD9-BBB9-15AF814F4603}.Release|ARM.ActiveCfg = Release|Win32
		{006E6E92-3708-4AD9-BBB9-15AF814F4603}.Release|ARM64.ActiveCfg = Release|Win32
		{006E6E92-3708-4AD9-BBB9-15AF814F4603}.Release|Win32.ActiveCfg = Release|Win32
		{006E6E92-3708-4AD9-BBB9-15AF814F4603}.Release|Win32.Build.0 = Release|Win32
		{006E6E92-3708-4AD9-BBB9-15AF814F4603}.Release|x64.ActiveCfg = Release|x64
		{006E6E92-3708-4AD9-BBB9-15AF814F4603}.Release|x64.Build.0 = Release|x64
		{006E6E92-3708-4AD9-BBB9-15AF814F4603}.Release|x86.ActiveCfg = Release|Win32
		{006E6E92-3708-4AD9-BBB9-15AF814F4603}.Release|x86.Build.0 = Release|Win32
		{90960554-7C67-427E-8052-67262FBD96E6}.Debug|ARM.ActiveCfg = Debug|ARM
		{90960554-7C67-427E-8052-67262FBD96E6}.Debug|ARM.Build.0 = Debug|ARM
		{90960554-7C67-427E-8052-67262FBD96E6}.Debug|ARM.Deploy.0 = Debug|ARM
		{90960554-7C67-427E-8052-67262FBD96E6}.Debug|ARM64.ActiveCfg = Debug|ARM64
		{90960554-7C67-427E-8052-67262FBD96E6}.Debug|ARM64.Build.0 = Debug|ARM64
		{90960554-7C67-427E-8052-67262FBD96E6}.Debug|ARM64.Deploy.0 = Debug|ARM64
		{90960554-7C67-427E-8052-67262FBD96E6}.Debug|Win32.ActiveCfg = Debug|x86
		{90960554-7C67-427E-8052-67262FBD96E6}.Debug|Win32.Build.0 = Debug|x86
		{90960554-7C67-427E-8052-67262FBD96E6}.Debug|Win32.Deploy.0 = Debug|x86
		{90960554-7C67-427E-8052-67262FBD96E6}.Debug|x64.ActiveCfg = Debug|x64
		{90960554-7C67-427E-8052-67262FBD96E6}.Debug|x64.Build.0 = Debug|x64
		{90960554-7C67-427E-8052-67262FBD96E6}.Debug|x64.Deploy.0 = Debug|x64
		{90960554-7C67-427E-8052-67262FBD96E6}.Debug|x86.ActiveCfg = Debug|x86
		{90960554-7C67-427E-8052-67262FBD96E6}.Debug|x86.Build.0 = Debug|x86
		{90960554-7C67-427E-8052-67262FBD96E6}.Debug|x86.Deploy.0 = Debug|x86
		{90960554-7C67-427E-8052-67262FBD96E6}.Release|ARM.ActiveCfg = Release|ARM
		{90960554-7C67-427E-8052-67262FBD96E6}.Release|ARM.Build.0 = Release|ARM
		{90960554-7C67-427E-8052-67262FBD96E6}.Release|ARM.Deploy.0 = Release|ARM
		{90960554-7C67-427E-8052-67262FBD96E6}.Release|ARM64.ActiveCfg = Release|ARM64
		{90960554-7C67-427E-8052-67262FBD96E6}.Release|ARM64.Build.0 = Release|ARM64
		{90960554-7C67-427E-8052-67262FBD96E6}.Release|ARM64.Deploy.0 = Release|ARM64
		{90960554-7C67-427E-8052-67262FBD96E6}.Release|Win32.ActiveCfg = Release|x86
		{90960554-7C67-427E-8052-67262FBD96E6}.Release|Win32.Build.0 = Release|x86
		{90960554-7C67-427E-8052-67262FBD96E6}.Release|Win32.Deploy.0 = Release|x86
		{90960554-7C67-427E-8052-67262FBD96E6}.Release|x64.ActiveCfg = Release|x64
		{90960554-7C67-427E-8052-67262FBD96E6}.Release|x64.Build.0 = Release|x64
		{90960554-7C67-427E-8052-67262FBD96E6}.Release|x64.Deploy.0 = Release|x64
		{90960554-7C67-427E-8052-67262FBD96E6}.Release|x86.ActiveCfg = Release|x86
		{90960554-7C67-427E-8052-67262FBD96E6}.Release|x86.Build.0 = Release|x86
		{90960554-7C67-427E-8052-67262FBD96E6}.Release|x86.Deploy.0 = Release|x86
		{C9B16FD8-C65D-431B-AC26-1AE7E39A560A}.Debug|ARM.ActiveCfg = Debug|Win32
		{C9B16FD8-C65D-431B-AC26-1AE7E39A560A}.Debug|ARM64.ActiveCfg = Debug|Win32
		{C9B16FD8-C65D-431B-AC26-1AE7E39A560A}.Debug|Win32.ActiveCfg = Debug|Win32
		{C9B16FD8-C65D-431B-AC26-1AE7E39A560A}.Debug|Win32.Build.0 = Debug|Win32
		{C9B16FD8-C65D-431B-AC26-1AE7E39A560A}.Debug|x64.ActiveCfg = Debug|x64
		{C9B16FD8-C65D-431B-AC26-1AE7E39A560A}.Debug|x64.Build.0 = Debug|x64
		{C9B16FD8-C65D-431B-AC26-1AE7E39A560A}.Debug|x86.ActiveCfg = Debug|Win32
		{C9B16FD8-C65D-431B-AC26-1AE7E39A560A}.Debug|x86.Build.0 = Debug|Win32
		{C9B16FD8-C65D-431B-AC26-1AE7E39A560A}.Release|ARM.ActiveCfg = Release|Win32
		{C9B16FD8-C65D-431B-AC26-1AE7E39A560A}.Release|ARM64.ActiveCfg = Release|Win32
		{C9B16FD8-C65D-431B-AC26-1AE7E39A560A}.Release|Win32.ActiveCfg = Release|Win32
		{C9B16FD8-C65D-431B-AC26-1AE7E39A560A}.Release|Win32.Build.0 = Release|Win32
		{C9B16FD8-C65D-431B-AC26-1AE7E39A560A}.Release|x64.ActiveCfg = Release|x64
		{C9B16FD8-C65D-431B-AC26-1AE7E39A560A}.Release|x64.Build.0 = Release|x64
		{C9B16FD8-C65D-431B-AC26-1AE7E39A560A}.Release|x86.ActiveCfg = Release|Win32
		{C9B16FD8-C65D-431B-AC26-1AE7E39A560A}.Release|x86.Build.0 = Release|Win32
		{76C4AACB-2088-4023-9475-FF9C279A0967}.Debug|ARM.ActiveCfg = Debug|Win32
		{76C4AACB-2088-4023-9475-FF9C279A0967}.Debug|ARM64.ActiveCfg = Debug|Win32
		{76C4AACB-2088-4023-9475-FF9C279A0967}.Debug|Win32.ActiveCfg = Debug|Win32
		{76C4AACB-2088-4023-9475-FF9C279A0967}.Debug|Win32.Build.0 = Debug|Win32
		{76C4AACB-2088-4023-9475-FF9C279A0967}.Debug|x64.ActiveCfg = Debug|x64
		{76C4AACB-2088-4023-9475-FF9C279A0967}.Debug|x64.Build.0 = Debug|x64
		{76C4AACB-2088-4023-9475-FF9C279A0967}.Debug|x86.ActiveCfg = Debug|Win32
		{76C4AACB-2088-4023-9475-FF9C279A0967}.Debug|x86.Build.0 = Debug|Win32
		{76C4AACB-2088-4023-9475-FF9C279A0967}.Release|ARM.ActiveCfg = Release|Win32
		{76C4AACB-2088-4023-9475-FF9C279A0967}.Release|ARM64.ActiveCfg = Release|Win32
		{76C4AACB-2088-4023-9475-FF9C279A0967}.Release|Win32.ActiveCfg = Release|Win32
		{76C4AACB-2088-4023-9475-FF9C279A0967}.Release|Win32.Build.0 = Release|Win32
		{76C4AACB-2088-4023-9475-FF9C279A0967}.Release|x64.ActiveCfg = Release|x64
		{76C4AACB-2088-4023-9475-FF9C279A0967}.Release|x64.Build.0 = Release|x64
		{76C4AACB-2088-4023-9475-FF9C279A0967}.Release|x86.ActiveCfg = Release|Win32
		{76C4AACB-2088-4023-9475-FF9C279A0967}.Release|x86.Build.0 = Release|Win32
		{BE71D0CE-4109-4605-AF4B-33372B51E443}.Debug|ARM.ActiveCfg = Debug|Win32
		{BE71D0CE-4109-4605-AF4B-33372B51E443}.Debug|ARM64.ActiveCfg = Debug|Win32
		{BE71D0CE-4109-4605-AF4B-33372B51E443}.Debug|Win32.ActiveCfg = Debug|Win32
		{BE71D0CE-4109-4605-AF4B-33372B51E443}.Debug|Win32.Build.0 = Debug|Win32
		{BE71D0CE-4109-4605-AF4B-33372B51E443}.Debug|x64.ActiveCfg = Debug|x64
		{BE71D0CE-4109-4605-AF4B-33372B51E443}.Debug|x64.Build.0 = Debug|x64
		{BE71D0CE-4109-4605-AF4B-33372B51E443}.Debug|x86.ActiveCfg = Debug|Win32
		{BE71D0CE-4109-4605-AF4B-33372B51E443}.Debug|x86.Build.0 = Debug|Win32
		{BE71D0CE-4109-4605-AF4B-33372B51E443}.Release|ARM.ActiveCfg = Release|Win32
		{BE71D0CE-4109-4605-AF4B-33372B51E443}.Release|ARM64.ActiveCfg = Release|Win32
		{BE71D0CE-4109-4605-AF4B-33372B51E443}.Release|Win32.ActiveCfg = Release|Win32
		{BE71D0CE-4109-4605-AF4B-33372B51E443}.Release|Win32.Build.0 = Release|Win32
		{BE71D0CE-4109-4605-AF4B-33372B51E443}.Release|x64.ActiveCfg = Release|x64
		{BE71D0CE-4109-4605-AF4B-33372B51E443}.Release|x64.Build.0 = Release|x64
		{BE71D0CE-4109-4605-AF4B-33372B51E443}.Release|x86.ActiveCfg = Release|Win32
		{BE71D0CE-4109-4605-AF4B-33372B51E443}.Release|x86.Build.0 = Release|Win32
		{E483A11B-F62B-4C0A-9749-8E3DABCA6DF9}.Debug|ARM.ActiveCfg = Debug|ARM
		{E483A11B-F62B-4C0A-9749-8E3DABCA6DF9}.Debug|ARM.Build.0 = Debug|ARM
		{E483A11B-F62B-4C0A-9749-8E3DABCA6DF9}.Debug|ARM.Deploy.0 = Debug|ARM
		{E483A11B-F62B-4C0A-9749-8E3DABCA6DF9}.Debug|ARM64.ActiveCfg = Debug|ARM64
		{E483A11B-F62B-4C0A-9749-8E3DABCA6DF9}.Debug|ARM64.Build.0 = Debug|ARM64
		{E483A11B-F62B-4C0A-9749-8E3DABCA6DF9}.Debug|ARM64.Deploy.0 = Debug|ARM64
		{E483A11B-F62B-4C0A-9749-8E3DABCA6DF9}.Debug|Win32.ActiveCfg = Debug|x86
		{E483A11B-F62B-4C0A-9749-8E3DABCA6DF9}.Debug|Win32.Build.0 = Debug|x86
		{E483A11B-F62B-4C0A-9749-8E3DABCA6DF9}.Debug|Win32.Deploy.0 = Debug|x86
		{E483A11B-F62B-4C0A-9749-8E3DABCA6DF9}.Debug|x64.ActiveCfg = Debug|x64
		{E483A11B-F62B-4C0A-9749-8E3DABCA6DF9}.Debug|x64.Build.0 = Debug|x64
		{E483A11B-F62B-4C0A-9749-8E3DABCA6DF9}.Debug|x64.Deploy.0 = Debug|x64
		{E483A11B-F62B-4C0A-9749-8E3DABCA6DF9}.Debug|x86.ActiveCfg = Debug|x86
		{E483A11B-F62B-4C0A-9749-8E3DABCA6DF9}.Debug|x86.Build.0 = Debug|x86
		{E483A11B-F62B-4C0A-9749-8E3DABCA6DF9}.Debug|x86.Deploy.0 = Debug|x86
		{E483A11B-F62B-4C0A-9749-8E3DABCA6DF9}.Release|ARM.ActiveCfg = Release|ARM
		{E483A11B-F62B-4C0A-9749-8E3DABCA6DF9}.Release|ARM.Build.0 = Release|ARM
		{E483A11B-F62B-4C0A-9749-8E3DABCA6DF9}.Release|ARM.Deploy.0 = Release|ARM
		{E483A11B-F62B-4C0A-9749-8E3DABCA6DF9}.Release|ARM64.ActiveCfg = Release|ARM64
		{E483A11B-F62B-4C0A-9749-8E3DABCA6DF9}.Release|ARM64.Build.0 = Release|ARM64
		{E483A11B-F62B-4C0A-9749-8E3DABCA6DF9}.Release|ARM64.Deploy.0 = Release|ARM64
		{E483A11B-F62B-4C0A-9749-8E3DABCA6DF9}.Release|Win32.ActiveCfg = Release|x86
		{E483A11B-F62B-4C0A-9749-8E3DABCA6DF9}.Release|Win32.Build.0 = Release|x86
		{E483A11B-F62B-4C0A-9749-8E3DABCA6DF9}.Release|Win32.Deploy.0 = Release|x86
		{E483A11B-F62B-4C0A-9749-8E3DABCA6DF9}.Release|x64.ActiveCfg = Release|x64
		{E483A11B-F62B-4C0A-9749-8E3DABCA6DF9}.Release|x64.Build.0 = Release|x64
		{E483A11B-F62B-4C0A-9749-8E3DABCA6DF9}.Release|x64.Deploy.0 = Release|x64
		{E483A11B-F62B-4C0A-9749-8E3DABCA6DF9}.Release|x86.ActiveCfg = Release|x86
		{E483A11B-F62B-4C0A-9749-8E3DABCA6DF9}.Release|x86.Build.0 = Release|x86
		{E483A11B-F62B-4C0A-9749-8E3DABCA6DF9}.Release|x86.Deploy.0 = Release|x86
		{B2F87EB1-A33B-46D9-A159-AC621F57323F}.Debug|ARM.ActiveCfg = Debug|ARM
		{B2F87EB1-A33B-46D9-A159-AC621F57323F}.Debug|ARM.Build.0 = Debug|ARM
		{B2F87EB1-A33B-46D9-A159-AC621F57323F}.Debug|ARM.Deploy.0 = Debug|ARM
		{B2F87EB1-A33B-46D9-A159-AC621F57323F}.Debug|ARM64.ActiveCfg = Debug|ARM64
		{B2F87EB1-A33B-46D9-A159-AC621F57323F}.Debug|ARM64.Build.0 = Debug|ARM64
		{B2F87EB1-A33B-46D9-A159-AC621F57323F}.Debug|ARM64.Deploy.0 = Debug|ARM64
		{B2F87EB1-A33B-46D9-A159-AC621F57323F}.Debug|Win32.ActiveCfg = Debug|x86
		{B2F87EB1-A33B-46D9-A159-AC621F57323F}.Debug|Win32.Build.0 = Debug|x86
		{B2F87EB1-A33B-46D9-A159-AC621F57323F}.Debug|Win32.Deploy.0 = Debug|x86
		{B2F87EB1-A33B-46D9-A159-AC621F57323F}.Debug|x64.ActiveCfg = Debug|x64
		{B2F87EB1-A33B-46D9-A159-AC621F57323F}.Debug|x64.Build.0 = Debug|x64
		{B2F87EB1-A33B-46D9-A159-AC621F57323F}.Debug|x64.Deploy.0 = Debug|x64
		{B2F87EB1-A33B-46D9-A159-AC621F57323F}.Debug|x86.ActiveCfg = Debug|x86
		{B2F87EB1-A33B-46D9-A159-AC621F57323F}.Debug|x86.Build.0 = Debug|x86
		{B2F87EB1-A33B-46D9-A159-AC621F57323F}.Debug|x86.Deploy.0 = Debug|x86
		{B2F87EB1-A33B-46D9-A159-AC621F57323F}.Release|ARM.ActiveCfg = Release|ARM
		{B2F87EB1-A33B-46D9-A159-AC621F57323F}.Release|ARM.Build.0 = Release|ARM
		{B2F87EB1-A33B-46D9-A159-AC621F57323F}.Release|ARM.Deploy.0 = Release|ARM
		{B2F87EB1-A33B-46D9-A159-AC621F57323F}.Release|ARM64.ActiveCfg = Release|ARM64
		{B2F87EB1-A33B-46D9-A159-AC621F57323F}.Release|ARM64.Build.0 = Release|ARM64
		{B2F87EB1-A33B-46D9-A159-AC621F57323F}.Release|ARM64.Deploy.0 = Release|ARM64
		{B2F87EB1-A33B-46D9-A159-AC621F57323F}.Release|Win32.ActiveCfg = Release|x86
		{B2F87EB1-A33B-46D9-A159-AC621F57323F}.Release|Win32.Build.0 = Release|x86
		{B2F87EB1-A33B-46D9-A159-AC621F57323F}.Release|Win32.Deploy.0 = Release|x86
		{B2F87EB1-A33B-46D9-A159-AC621F57323F}.Release|x64.ActiveCfg = Release|x64
		{B2F87EB1-A33B-46D9-A159-AC621F57323F}.Release|x64.Build.0 = Release|x64
		{B2F87EB1-A33B-46D9-A159-AC621F57323F}.Release|x64.Deploy.0 = Release|x64
		{B2F87EB1-A33B-46D9-A159-AC621F57323F}.Release|x86.ActiveCfg = Release|x86
		{B2F87EB1-A33B-46D9-A159-AC621F57323F}.Release|x86.Build.0 = Release|x86
		{B2F87EB1-A33B-46D9-A159-AC621F57323F}.Release|x86.Deploy.0 = Release|x86
		{317EB2D8-D7B4-4695-B58A-7DB97C5189C9}.Debug|ARM.ActiveCfg = Debug|ARM
		{317EB2D8-D7B4-4695-B58A-7DB97C5189C9}.Debug|ARM.Build.0 = Debug|ARM
		{317EB2D8-D7B4-4695-B58A-7DB97C5189C9}.Debug|ARM.Deploy.0 = Debug|ARM
		{317EB2D8-D7B4-4695-B58A-7DB97C5189C9}.Debug|ARM64.ActiveCfg = Debug|ARM64
		{317EB2D8-D7B4-4695-B58A-7DB97C5189C9}.Debug|ARM64.Build.0 = Debug|ARM64
		{317EB2D8-D7B4-4695-B58A-7DB97C5189C9}.Debug|ARM64.Deploy.0 = Debug|ARM64
		{317EB2D8-D7B4-4695-B58A-7DB97C5189C9}.Debug|Win32.ActiveCfg = Debug|x86
		{317EB2D8-D7B4-4695-B58A-7DB97C5189C9}.Debug|Win32.Build.0 = Debug|x86
		{317EB2D8-D7B4-4695-B58A-7DB97C5189C9}.Debug|Win32.Deploy.0 = Debug|x86
		{317EB2D8-D7B4-4695-B58A-7DB97C5189C9}.Debug|x64.ActiveCfg = Debug|x64
		{317EB2D8-D7B4-4695-B58A-7DB97C5189C9}.Debug|x64.Build.0 = Debug|x64
		{317EB2D8-D7B4-4695-B58A-7DB97C5189C9}.Debug|x64.Deploy.0 = Debug|x64
		{317EB2D8-D7B4-4695-B58A-7DB97C5189C9}.Debug|x86.ActiveCfg = Debug|x86
		{317EB2D8-D7B4-4695-B58A-7DB97C5189C9}.Debug|x86.Build.0 = Debug|x86
		{317EB2D8-D7B4-4695-B58A-7DB97C5189C9}.Debug|x86.Deploy.0 = Debug|x86
		{317EB2D8-D7B4-4695-B58A-7DB97C5189C9}.Release|ARM.ActiveCfg = Release|ARM
		{317EB2D8-D7B4-4695-B58A-7DB97C5189C9}.Release|ARM.Build.0 = Release|ARM
		{317EB2D8-D7B4-4695-B58A-7DB97C5189C9}.Release|ARM.Deploy.0 = Release|ARM
		{317EB2D8-D7B4-4695-B58A-7DB97C5189C9}.Release|ARM64.ActiveCfg = Release|ARM64
		{317EB2D8-D7B4-4695-B58A-7DB97C5189C9}.Release|ARM64.Build.0 = Release|ARM64
		{317EB2D8-D7B4-4695-B58A-7DB97C5189C9}.Release|ARM64.Deploy.0 = Release|ARM64
		{317EB2D8-D7B4-4695-B58A-7DB97C5189C9}.Release|Win32.ActiveCfg = Release|x86
		{317EB2D8-D7B4-4695-B58A-7DB97C5189C9}.Release|Win32.Build.0 = Release|x86
		{317EB2D8-D7B4-4695-B58A-7DB97C5189C9}.Release|Win32.Deploy.0 = Release|x86
		{317EB2D8-D7B4-4695-B58A-7DB97C5189C9}.Release|x64.ActiveCfg = Release|x64
		{317EB2D8-D7B4-4695-B58A-7DB97C5189C9}.Release|x64.Build.0 = Release|x64
		{317EB2D8-D7B4-4695-B58A-7DB97C5189C9}.Release|x64.Deploy.0 = Release|x64
		{317EB2D8-D7B4-4695-B58A-7DB97C5189C9}.Release|x86.ActiveCfg = Release|x86
		{317EB2D8-D7B4-4695-B58A-7DB97C5189C9}.Release|x86.Build.0 = Release|x86
		{317EB2D8-D7B4-4695-B58A-7DB97C5189C9}.Release|x86.Deploy.0 = Release|x86
	EndGlobalSection
	GlobalSection(SolutionProperties) = preSolution
		HideSolutionNode = FALSE
	EndGlobalSection
	GlobalSection(NestedProjects) = preSolution
		{006E6E92-3708-4AD9-BBB9-15AF814F4603} = {C3B11523-4C52-42F0-B889-D6D26D3AB7F1}
		{90960554-7C67-427E-8052-67262FBD96E6} = {55242BA0-2B7C-4692-8968-A1B9BE510725}
		{F56FA9CE-3BDF-4A10-BC27-0E7F371C6B86} = {229B997D-33BF-4390-A322-4E957E90ABCB}
		{D544CE56-C7FF-458F-AF50-9D02BDDA9A4B} = {229B997D-33BF-4390-A322-4E957E90ABCB}
		{E5819A51-6A17-4595-AEB8-56049F089F5A} = {229B997D-33BF-4390-A322-4E957E90ABCB}
		{DF079DD8-1915-4763-94BA-4296E04E80CF} = {229B997D-33BF-4390-A322-4E957E90ABCB}
		{4D62E7B4-D413-4160-9873-EF486AAA5ECF} = {229B997D-33BF-4390-A322-4E957E90ABCB}
		{C9B16FD8-C65D-431B-AC26-1AE7E39A560A} = {F56FA9CE-3BDF-4A10-BC27-0E7F371C6B86}
		{76C4AACB-2088-4023-9475-FF9C279A0967} = {F56FA9CE-3BDF-4A10-BC27-0E7F371C6B86}
		{BE71D0CE-4109-4605-AF4B-33372B51E443} = {F56FA9CE-3BDF-4A10-BC27-0E7F371C6B86}
		{E483A11B-F62B-4C0A-9749-8E3DABCA6DF9} = {D544CE56-C7FF-458F-AF50-9D02BDDA9A4B}
		{B2F87EB1-A33B-46D9-A159-AC621F57323F} = {D544CE56-C7FF-458F-AF50-9D02BDDA9A4B}
		{317EB2D8-D7B4-4695-B58A-7DB97C5189C9} = {D544CE56-C7FF-458F-AF50-9D02BDDA9A4B}
	EndGlobalSection
	GlobalSection(ExtensibilityGlobals) = postSolution
		SolutionGuid = {290321E2-521F-4F1B-9B1B-77A266E7545E}
	EndGlobalSection
EndGlobal
