<?xml version="1.0" encoding="utf-8"?>
<Project ToolsVersion="4.0" xmlns="http://schemas.microsoft.com/developer/msbuild/2003">
  <ItemGroup>
    <Filter Include="uv">
      <UniqueIdentifier>{e920c0b1-9256-4041-bf5e-895f576c527c}</UniqueIdentifier>
    </Filter>
    <Filter Include="mbedtls">
      <UniqueIdentifier>{18fae655-c2b0-4ed0-823e-7381b835f0a7}</UniqueIdentifier>
    </Filter>
  </ItemGroup>
  <ItemGroup>
    <ClCompile Include="..\code\externals\uv\src\unix\async.c">
      <Filter>uv</Filter>
    </ClCompile>
    <ClCompile Include="..\code\externals\uv\src\unix\core.c">
      <Filter>uv</Filter>
    </ClCompile>
    <ClCompile Include="..\code\externals\uv\src\unix\fs.c">
      <Filter>uv</Filter>
    </ClCompile>
    <ClCompile Include="..\code\externals\uv\src\unix\getaddrinfo.c">
      <Filter>uv</Filter>
    </ClCompile>
    <ClCompile Include="..\code\externals\uv\src\unix\getnameinfo.c">
      <Filter>uv</Filter>
    </ClCompile>
    <ClCompile Include="..\code\externals\uv\src\unix\linux-core.c">
      <Filter>uv</Filter>
    </ClCompile>
    <ClCompile Include="..\code\externals\uv\src\unix\linux-inotify.c">
      <Filter>uv</Filter>
    </ClCompile>
    <ClCompile Include="..\code\externals\uv\src\unix\linux-syscalls.c">
      <Filter>uv</Filter>
    </ClCompile>
    <ClCompile Include="..\code\externals\uv\src\unix\loop.c">
      <Filter>uv</Filter>
    </ClCompile>
    <ClCompile Include="..\code\externals\uv\src\unix\loop-watcher.c">
      <Filter>uv</Filter>
    </ClCompile>
    <ClCompile Include="..\code\externals\uv\src\unix\pipe.c">
      <Filter>uv</Filter>
    </ClCompile>
    <ClCompile Include="..\code\externals\uv\src\unix\poll.c">
      <Filter>uv</Filter>
    </ClCompile>
    <ClCompile Include="..\code\externals\uv\src\unix\process.c">
      <Filter>uv</Filter>
    </ClCompile>
    <ClCompile Include="..\code\externals\uv\src\unix\procfs-exepath.c">
      <Filter>uv</Filter>
    </ClCompile>
    <ClCompile Include="..\code\externals\uv\src\unix\proctitle.c">
      <Filter>uv</Filter>
    </ClCompile>
    <ClCompile Include="..\code\externals\uv\src\unix\random-devurandom.c">
      <Filter>uv</Filter>
    </ClCompile>
    <ClCompile Include="..\code\externals\uv\src\unix\random-getrandom.c">
      <Filter>uv</Filter>
    </ClCompile>
    <ClCompile Include="..\code\externals\uv\src\unix\random-sysctl-linux.c">
      <Filter>uv</Filter>
    </ClCompile>
    <ClCompile Include="..\code\externals\uv\src\unix\signal.c">
      <Filter>uv</Filter>
    </ClCompile>
    <ClCompile Include="..\code\externals\uv\src\unix\stream.c">
      <Filter>uv</Filter>
    </ClCompile>
    <ClCompile Include="..\code\externals\uv\src\unix\sysinfo-loadavg.c">
      <Filter>uv</Filter>
    </ClCompile>
    <ClCompile Include="..\code\externals\uv\src\unix\tcp.c">
      <Filter>uv</Filter>
    </ClCompile>
    <ClCompile Include="..\code\externals\uv\src\unix\thread.c">
      <Filter>uv</Filter>
    </ClCompile>
    <ClCompile Include="..\code\externals\uv\src\unix\tty.c">
      <Filter>uv</Filter>
    </ClCompile>
    <ClCompile Include="..\code\externals\uv\src\unix\udp.c">
      <Filter>uv</Filter>
    </ClCompile>
    <ClCompile Include="..\code\externals\uv\src\unix\android-ifaddrs.c">
      <Filter>uv</Filter>
    </ClCompile>
    <ClCompile Include="..\code\externals\uv\src\unix\pthread-fixes.c">
      <Filter>uv</Filter>
    </ClCompile>
    <ClCompile Include="..\code\externals\mbedtls\aes.c">
      <Filter>mbedtls</Filter>
    </ClCompile>
    <ClCompile Include="..\code\externals\mbedtls\aesni.c">
      <Filter>mbedtls</Filter>
    </ClCompile>
    <ClCompile Include="..\code\externals\mbedtls\arc4.c">
      <Filter>mbedtls</Filter>
    </ClCompile>
    <ClCompile Include="..\code\externals\mbedtls\aria.c">
      <Filter>mbedtls</Filter>
    </ClCompile>
    <ClCompile Include="..\code\externals\mbedtls\asn1parse.c">
      <Filter>mbedtls</Filter>
    </ClCompile>
    <ClCompile Include="..\code\externals\mbedtls\asn1write.c">
      <Filter>mbedtls</Filter>
    </ClCompile>
    <ClCompile Include="..\code\externals\mbedtls\base64.c">
      <Filter>mbedtls</Filter>
    </ClCompile>
    <ClCompile Include="..\code\externals\mbedtls\bignum.c">
      <Filter>mbedtls</Filter>
    </ClCompile>
    <ClCompile Include="..\code\externals\mbedtls\blowfish.c">
      <Filter>mbedtls</Filter>
    </ClCompile>
    <ClCompile Include="..\code\externals\mbedtls\camellia.c">
      <Filter>mbedtls</Filter>
    </ClCompile>
    <ClCompile Include="..\code\externals\mbedtls\ccm.c">
      <Filter>mbedtls</Filter>
    </ClCompile>
    <ClCompile Include="..\code\externals\mbedtls\certs.c">
      <Filter>mbedtls</Filter>
    </ClCompile>
    <ClCompile Include="..\code\externals\mbedtls\chacha20.c">
      <Filter>mbedtls</Filter>
    </ClCompile>
    <ClCompile Include="..\code\externals\mbedtls\chachapoly.c">
      <Filter>mbedtls</Filter>
    </ClCompile>
    <ClCompile Include="..\code\externals\mbedtls\cipher.c">
      <Filter>mbedtls</Filter>
    </ClCompile>
    <ClCompile Include="..\code\externals\mbedtls\cipher_wrap.c">
      <Filter>mbedtls</Filter>
    </ClCompile>
    <ClCompile Include="..\code\externals\mbedtls\cmac.c">
      <Filter>mbedtls</Filter>
    </ClCompile>
    <ClCompile Include="..\code\externals\mbedtls\ctr_drbg.c">
      <Filter>mbedtls</Filter>
    </ClCompile>
    <ClCompile Include="..\code\externals\mbedtls\debug.c">
      <Filter>mbedtls</Filter>
    </ClCompile>
    <ClCompile Include="..\code\externals\mbedtls\des.c">
      <Filter>mbedtls</Filter>
    </ClCompile>
    <ClCompile Include="..\code\externals\mbedtls\dhm.c">
      <Filter>mbedtls</Filter>
    </ClCompile>
    <ClCompile Include="..\code\externals\mbedtls\ecdh.c">
      <Filter>mbedtls</Filter>
    </ClCompile>
    <ClCompile Include="..\code\externals\mbedtls\ecdsa.c">
      <Filter>mbedtls</Filter>
    </ClCompile>
    <ClCompile Include="..\code\externals\mbedtls\ecjpake.c">
      <Filter>mbedtls</Filter>
    </ClCompile>
    <ClCompile Include="..\code\externals\mbedtls\ecp.c">
      <Filter>mbedtls</Filter>
    </ClCompile>
    <ClCompile Include="..\code\externals\mbedtls\ecp_curves.c">
      <Filter>mbedtls</Filter>
    </ClCompile>
    <ClCompile Include="..\code\externals\mbedtls\entropy.c">
      <Filter>mbedtls</Filter>
    </ClCompile>
    <ClCompile Include="..\code\externals\mbedtls\entropy_poll.c">
      <Filter>mbedtls</Filter>
    </ClCompile>
    <ClCompile Include="..\code\externals\mbedtls\gcm.c">
      <Filter>mbedtls</Filter>
    </ClCompile>
    <ClCompile Include="..\code\externals\mbedtls\havege.c">
      <Filter>mbedtls</Filter>
    </ClCompile>
    <ClCompile Include="..\code\externals\mbedtls\hkdf.c">
      <Filter>mbedtls</Filter>
    </ClCompile>
    <ClCompile Include="..\code\externals\mbedtls\hmac_drbg.c">
      <Filter>mbedtls</Filter>
    </ClCompile>
    <ClCompile Include="..\code\externals\mbedtls\md.c">
      <Filter>mbedtls</Filter>
    </ClCompile>
    <ClCompile Include="..\code\externals\mbedtls\md2.c">
      <Filter>mbedtls</Filter>
    </ClCompile>
    <ClCompile Include="..\code\externals\mbedtls\md4.c">
      <Filter>mbedtls</Filter>
    </ClCompile>
    <ClCompile Include="..\code\externals\mbedtls\md5.c">
      <Filter>mbedtls</Filter>
    </ClCompile>
    <ClCompile Include="..\code\externals\mbedtls\memory_buffer_alloc.c">
      <Filter>mbedtls</Filter>
    </ClCompile>
    <ClCompile Include="..\code\externals\mbedtls\net_sockets.c">
      <Filter>mbedtls</Filter>
    </ClCompile>
    <ClCompile Include="..\code\externals\mbedtls\nist_kw.c">
      <Filter>mbedtls</Filter>
    </ClCompile>
    <ClCompile Include="..\code\externals\mbedtls\oid.c">
      <Filter>mbedtls</Filter>
    </ClCompile>
    <ClCompile Include="..\code\externals\mbedtls\padlock.c">
      <Filter>mbedtls</Filter>
    </ClCompile>
    <ClCompile Include="..\code\externals\mbedtls\pem.c">
      <Filter>mbedtls</Filter>
    </ClCompile>
    <ClCompile Include="..\code\externals\mbedtls\pk.c">
      <Filter>mbedtls</Filter>
    </ClCompile>
    <ClCompile Include="..\code\externals\mbedtls\pk_wrap.c">
      <Filter>mbedtls</Filter>
    </ClCompile>
    <ClCompile Include="..\code\externals\mbedtls\pkcs5.c">
      <Filter>mbedtls</Filter>
    </ClCompile>
    <ClCompile Include="..\code\externals\mbedtls\pkcs11.c">
      <Filter>mbedtls</Filter>
    </ClCompile>
    <ClCompile Include="..\code\externals\mbedtls\pkcs12.c">
      <Filter>mbedtls</Filter>
    </ClCompile>
    <ClCompile Include="..\code\externals\mbedtls\pkparse.c">
      <Filter>mbedtls</Filter>
    </ClCompile>
    <ClCompile Include="..\code\externals\mbedtls\pkwrite.c">
      <Filter>mbedtls</Filter>
    </ClCompile>
    <ClCompile Include="..\code\externals\mbedtls\platform.c">
      <Filter>mbedtls</Filter>
    </ClCompile>
    <ClCompile Include="..\code\externals\mbedtls\platform_util.c">
      <Filter>mbedtls</Filter>
    </ClCompile>
    <ClCompile Include="..\code\externals\mbedtls\poly1305.c">
      <Filter>mbedtls</Filter>
    </ClCompile>
    <ClCompile Include="..\code\externals\mbedtls\psa_crypto.c">
      <Filter>mbedtls</Filter>
    </ClCompile>
    <ClCompile Include="..\code\externals\mbedtls\psa_crypto_se.c">
      <Filter>mbedtls</Filter>
    </ClCompile>
    <ClCompile Include="..\code\externals\mbedtls\psa_crypto_slot_management.c">
      <Filter>mbedtls</Filter>
    </ClCompile>
    <ClCompile Include="..\code\externals\mbedtls\psa_crypto_storage.c">
      <Filter>mbedtls</Filter>
    </ClCompile>
    <ClCompile Include="..\code\externals\mbedtls\psa_its_file.c">
      <Filter>mbedtls</Filter>
    </ClCompile>
    <ClCompile Include="..\code\externals\mbedtls\ripemd160.c">
      <Filter>mbedtls</Filter>
    </ClCompile>
    <ClCompile Include="..\code\externals\mbedtls\rsa.c">
      <Filter>mbedtls</Filter>
    </ClCompile>
    <ClCompile Include="..\code\externals\mbedtls\rsa_internal.c">
      <Filter>mbedtls</Filter>
    </ClCompile>
    <ClCompile Include="..\code\externals\mbedtls\sha1.c">
      <Filter>mbedtls</Filter>
    </ClCompile>
    <ClCompile Include="..\code\externals\mbedtls\sha256.c">
      <Filter>mbedtls</Filter>
    </ClCompile>
    <ClCompile Include="..\code\externals\mbedtls\sha512.c">
      <Filter>mbedtls</Filter>
    </ClCompile>
    <ClCompile Include="..\code\externals\mbedtls\ssl_cache.c">
      <Filter>mbedtls</Filter>
    </ClCompile>
    <ClCompile Include="..\code\externals\mbedtls\ssl_ciphersuites.c">
      <Filter>mbedtls</Filter>
    </ClCompile>
    <ClCompile Include="..\code\externals\mbedtls\ssl_cli.c">
      <Filter>mbedtls</Filter>
    </ClCompile>
    <ClCompile Include="..\code\externals\mbedtls\ssl_cookie.c">
      <Filter>mbedtls</Filter>
    </ClCompile>
    <ClCompile Include="..\code\externals\mbedtls\ssl_msg.c">
      <Filter>mbedtls</Filter>
    </ClCompile>
    <ClCompile Include="..\code\externals\mbedtls\ssl_srv.c">
      <Filter>mbedtls</Filter>
    </ClCompile>
    <ClCompile Include="..\code\externals\mbedtls\ssl_ticket.c">
      <Filter>mbedtls</Filter>
    </ClCompile>
    <ClCompile Include="..\code\externals\mbedtls\ssl_tls.c">
      <Filter>mbedtls</Filter>
    </ClCompile>
    <ClCompile Include="..\code\externals\mbedtls\threading.c">
      <Filter>mbedtls</Filter>
    </ClCompile>
    <ClCompile Include="..\code\externals\mbedtls\timing.c">
      <Filter>mbedtls</Filter>
    </ClCompile>
    <ClCompile Include="..\code\externals\mbedtls\version_features.c">
      <Filter>mbedtls</Filter>
    </ClCompile>
    <ClCompile Include="..\code\externals\mbedtls\x509.c">
      <Filter>mbedtls</Filter>
    </ClCompile>
    <ClCompile Include="..\code\externals\mbedtls\x509_create.c">
      <Filter>mbedtls</Filter>
    </ClCompile>
    <ClCompile Include="..\code\externals\mbedtls\x509_crl.c">
      <Filter>mbedtls</Filter>
    </ClCompile>
    <ClCompile Include="..\code\externals\mbedtls\x509_crt.c">
      <Filter>mbedtls</Filter>
    </ClCompile>
    <ClCompile Include="..\code\externals\mbedtls\x509_csr.c">
      <Filter>mbedtls</Filter>
    </ClCompile>
    <ClCompile Include="..\code\externals\mbedtls\x509write_crt.c">
      <Filter>mbedtls</Filter>
    </ClCompile>
    <ClCompile Include="..\code\externals\mbedtls\x509write_csr.c">
      <Filter>mbedtls</Filter>
    </ClCompile>
    <ClCompile Include="..\code\externals\mbedtls\xtea.c">
      <Filter>mbedtls</Filter>
    </ClCompile>
    <ClCompile Include="..\code\externals\mbedtls\mversion.c">
      <Filter>mbedtls</Filter>
    </ClCompile>
    <ClCompile Include="..\code\externals\mbedtls\merror.c">
      <Filter>mbedtls</Filter>
    </ClCompile>
  </ItemGroup>
  <ItemGroup>
    <ClInclude Include="..\code\externals\mbedtls\common.h">
      <Filter>mbedtls</Filter>
    </ClInclude>
    <ClInclude Include="..\code\externals\mbedtls\psa_crypto_core.h">
      <Filter>mbedtls</Filter>
    </ClInclude>
    <ClInclude Include="..\code\externals\mbedtls\psa_crypto_invasive.h">
      <Filter>mbedtls</Filter>
    </ClInclude>
    <ClInclude Include="..\code\externals\mbedtls\psa_crypto_its.h">
      <Filter>mbedtls</Filter>
    </ClInclude>
    <ClInclude Include="..\code\externals\mbedtls\psa_crypto_se.h">
      <Filter>mbedtls</Filter>
    </ClInclude>
    <ClInclude Include="..\code\externals\mbedtls\psa_crypto_service_integration.h">
      <Filter>mbedtls</Filter>
    </ClInclude>
    <ClInclude Include="..\code\externals\mbedtls\psa_crypto_slot_management.h">
      <Filter>mbedtls</Filter>
    </ClInclude>
    <ClInclude Include="..\code\externals\mbedtls\psa_crypto_storage.h">
      <Filter>mbedtls</Filter>
    </ClInclude>
  </ItemGroup>
</Project>